lockfileVersion: '9.0'

settings:
  autoInstallPeers: true
  excludeLinksFromLockfile: false

importers:

  .:
    dependencies:
      '@swc/helpers':
        specifier: ^0.5.17
        version: 0.5.17

packages:

  '@swc/helpers@0.5.17':
    resolution: {integrity: sha512-5IKx/Y13RsYd+sauPb2x+U/xZikHjolzfuDgTAl/Tdf3Q8rslRvC19NKDLgAJQ6wsqADk10ntlv08nPFw/gO/A==}

  tslib@2.8.1:
    resolution: {integrity: sha512-oJFu94HQb+KVduSUQL7wnpmqnfmLsOA/nAh6b6EH0wCEoK0/mPeXU6c3wKDV83MkOuHPRHtSXKKU99IBazS/2w==}

snapshots:

  '@swc/helpers@0.5.17':
    dependencies:
      tslib: 2.8.1

  tslib@2.8.1: {}
